
Microsoft Visual Studio Solution File, Format Version 12.00
# Blend for Visual Studio Version 16
VisualStudioVersion = 16.0.30804.86
MinimumVisualStudioVersion = 10.0.40219.1
Project("{FAE04EC0-301F-11D3-BF4B-00C04F79EFBC}") = "YAMSW", "YAMSW\YAMSW.csproj", "{22D288F5-D433-41B8-9FB1-0FA7EAFC906E}"
EndProject
Global
	GlobalSection(SolutionConfigurationPlatforms) = preSolution
		Debug|Any CPU = Debug|Any CPU
		Release|Any CPU = Release|Any CPU
	EndGlobalSection
	GlobalSection(ProjectConfigurationPlatforms) = postSolution
		{22D288F5-D433-41B8-9FB1-0FA7EAFC906E}.Debug|Any CPU.ActiveCfg = Debug|Any CPU
		{22D288F5-D433-41B8-9FB1-0FA7EAFC906E}.Debug|Any CPU.Build.0 = Debug|Any CPU
		{22D288F5-D433-41B8-9FB1-0FA7EAFC906E}.Release|Any CPU.ActiveCfg = Release|Any CPU
		{22D288F5-D433-41B8-9FB1-0FA7EAFC906E}.Release|Any CPU.Build.0 = Release|Any CPU
	EndGlobalSection
	GlobalSection(SolutionProperties) = preSolution
		HideSolutionNode = FALSE
	EndGlobalSection
	GlobalSection(ExtensibilityGlobals) = postSolution
		SolutionGuid = {E4CB5AE5-6BE7-4B39-B19D-09608D502AA3}
	EndGlobalSection
EndGlobal
